{
    "name": "jira-confluence-decode-and-reload",
    "version": "1.0.0",
    "lockfileVersion": 3,
    "requires": true,
    "packages": {
        "": {
            "name": "jira-confluence-decode-and-reload",
            "version": "1.0.0",
            "license": "ISC",
            "dependencies": {
                "posthog-js": "^1.229.3"
            }
        },
        "node_modules/@rrweb/types": {
            "version": "2.0.0-alpha.17",
            "resolved": "https://registry.npmjs.org/@rrweb/types/-/types-2.0.0-alpha.17.tgz",
            "integrity": "sha512-AfDTVUuCyCaIG0lTSqYtrZqJX39ZEYzs4fYKnexhQ+id+kbZIpIJtaut5cto6dWZbB3SEe4fW0o90Po3LvTmfg==",
            "license": "MIT",
            "optional": true,
            "peer": true,
            "dependencies": {
                "rrweb-snapshot": "^2.0.0-alpha.17"
            }
        },
        "node_modules/core-js": {
            "version": "3.41.0",
            "resolved": "https://registry.npmjs.org/core-js/-/core-js-3.41.0.tgz",
            "integrity": "sha512-SJ4/EHwS36QMJd6h/Rg+GyR4A5xE0FSI3eZ+iBVpfqf1x0eTSg1smWLHrA+2jQThZSh97fmSgFSU8B61nxosxA==",
            "hasInstallScript": true,
            "license": "MIT",
            "funding": {
                "type": "opencollective",
                "url": "https://opencollective.com/core-js"
            }
        },
        "node_modules/fflate": {
            "version": "0.4.8",
            "resolved": "https://registry.npmjs.org/fflate/-/fflate-0.4.8.tgz",
            "integrity": "sha512-FJqqoDBR00Mdj9ppamLa/Y7vxm+PRmNWA67N846RvsoYVMKB4q3y/de5PA7gUmRMYK/8CMz2GDZQmCRN1wBcWA==",
            "license": "MIT"
        },
        "node_modules/nanoid": {
            "version": "3.3.8",
            "resolved": "https://registry.npmjs.org/nanoid/-/nanoid-3.3.8.tgz",
            "integrity": "sha512-WNLf5Sd8oZxOm+TzppcYk8gVOgP+l58xNy58D0nbUnOxOWRWvlcCV4kUF7ltmI6PsrLl/BgKEyS4mqsGChFN0w==",
            "funding": [
                {
                    "type": "github",
                    "url": "https://github.com/sponsors/ai"
                }
            ],
            "license": "MIT",
            "optional": true,
            "peer": true,
            "bin": {
                "nanoid": "bin/nanoid.cjs"
            },
            "engines": {
                "node": "^10 || ^12 || ^13.7 || ^14 || >=15.0.1"
            }
        },
        "node_modules/picocolors": {
            "version": "1.1.1",
            "resolved": "https://registry.npmjs.org/picocolors/-/picocolors-1.1.1.tgz",
            "integrity": "sha512-xceH2snhtb5M9liqDsmEw56le376mTZkEX/jEb/RxNFyegNul7eNslCXP9FDj/Lcu0X8KEyMceP2ntpaHrDEVA==",
            "license": "ISC",
            "optional": true,
            "peer": true
        },
        "node_modules/postcss": {
            "version": "8.5.3",
            "resolved": "https://registry.npmjs.org/postcss/-/postcss-8.5.3.tgz",
            "integrity": "sha512-dle9A3yYxlBSrt8Fu+IpjGT8SY8hN0mlaA6GY8t0P5PjIOZemULz/E2Bnm/2dcUOena75OTNkHI76uZBNUUq3A==",
            "funding": [
                {
                    "type": "opencollective",
                    "url": "https://opencollective.com/postcss/"
                },
                {
                    "type": "tidelift",
                    "url": "https://tidelift.com/funding/github/npm/postcss"
                },
                {
                    "type": "github",
                    "url": "https://github.com/sponsors/ai"
                }
            ],
            "license": "MIT",
            "optional": true,
            "peer": true,
            "dependencies": {
                "nanoid": "^3.3.8",
                "picocolors": "^1.1.1",
                "source-map-js": "^1.2.1"
            },
            "engines": {
                "node": "^10 || ^12 || >=14"
            }
        },
        "node_modules/posthog-js": {
            "version": "1.229.3",
            "resolved": "https://registry.npmjs.org/posthog-js/-/posthog-js-1.229.3.tgz",
            "integrity": "sha512-uiWGOa3uOVmCbgdNvyxwUj0P7t/lcyVveJSx0MdtedReMMZs+bwaseBGC5Dp2PWVt2Dqts22EH2T6QJH2OeEGQ==",
            "license": "MIT",
            "dependencies": {
                "core-js": "^3.38.1",
                "fflate": "^0.4.8",
                "preact": "^10.19.3",
                "web-vitals": "^4.2.0"
            },
            "peerDependencies": {
                "@rrweb/types": "2.0.0-alpha.17",
                "rrweb-snapshot": "2.0.0-alpha.17"
            },
            "peerDependenciesMeta": {
                "@rrweb/types": {
                    "optional": true
                },
                "rrweb-snapshot": {
                    "optional": true
                }
            }
        },
        "node_modules/preact": {
            "version": "10.26.4",
            "resolved": "https://registry.npmjs.org/preact/-/preact-10.26.4.tgz",
            "integrity": "sha512-KJhO7LBFTjP71d83trW+Ilnjbo+ySsaAgCfXOXUlmGzJ4ygYPWmysm77yg4emwfmoz3b22yvH5IsVFHbhUaH5w==",
            "license": "MIT",
            "funding": {
                "type": "opencollective",
                "url": "https://opencollective.com/preact"
            }
        },
        "node_modules/rrweb-snapshot": {
            "version": "2.0.0-alpha.17",
            "resolved": "https://registry.npmjs.org/rrweb-snapshot/-/rrweb-snapshot-2.0.0-alpha.17.tgz",
            "integrity": "sha512-GBg5pV8LHOTbeVmH2VHLEFR0mc2QpQMzAvcoxEGfPNWgWHc8UvKCyq7pqN1vA+fDZ+yXXbixeO0kB2pzVvFCBw==",
            "license": "MIT",
            "optional": true,
            "peer": true,
            "dependencies": {
                "postcss": "^8.4.38"
            }
        },
        "node_modules/source-map-js": {
            "version": "1.2.1",
            "resolved": "https://registry.npmjs.org/source-map-js/-/source-map-js-1.2.1.tgz",
            "integrity": "sha512-UXWMKhLOwVKb728IUtQPXxfYU+usdybtUrK/8uGE8CQMvrhOpwvzDBwj0QhSL7MQc7vIsISBG8VQ8+IDQxpfQA==",
            "license": "BSD-3-Clause",
            "optional": true,
            "peer": true,
            "engines": {
                "node": ">=0.10.0"
            }
        },
        "node_modules/web-vitals": {
            "version": "4.2.4",
            "resolved": "https://registry.npmjs.org/web-vitals/-/web-vitals-4.2.4.tgz",
            "integrity": "sha512-r4DIlprAGwJ7YM11VZp4R884m0Vmgr6EAKe3P+kO0PPj3Unqyvv59rczf6UiGcb9Z8QxZVcqKNwv/g0WNdWwsw==",
            "license": "Apache-2.0"
        }
    }
}
